# This file is generated by running "yarn install" inside your project.
# Manual changes might be lost - proceed with caution!

__metadata:
  version: 6
  cacheKey: 8

"@adraffy/ens-normalize@npm:1.10.0":
  version: 1.10.0
  resolution: "@adraffy/ens-normalize@npm:1.10.0"
  checksum: af0540f963a2632da2bbc37e36ea6593dcfc607b937857133791781e246d47f870d5e3d21fa70d5cfe94e772c284588c81ea3f5b7f4ea8fbb824369444e4dbcb
  languageName: node
  linkType: hard

"@noble/curves@npm:1.2.0, @noble/curves@npm:~1.2.0":
  version: 1.2.0
  resolution: "@noble/curves@npm:1.2.0"
  dependencies:
    "@noble/hashes": 1.3.2
  checksum: bb798d7a66d8e43789e93bc3c2ddff91a1e19fdb79a99b86cd98f1e5eff0ee2024a2672902c2576ef3577b6f282f3b5c778bebd55761ddbb30e36bf275e83dd0
  languageName: node
  linkType: hard

"@noble/hashes@npm:1.3.2":
  version: 1.3.2
  resolution: "@noble/hashes@npm:1.3.2"
  checksum: fe23536b436539d13f90e4b9be843cc63b1b17666a07634a2b1259dded6f490be3d050249e6af98076ea8f2ea0d56f578773c2197f2aa0eeaa5fba5bc18ba474
  languageName: node
  linkType: hard

"@noble/hashes@npm:~1.3.0":
  version: 1.3.1
  resolution: "@noble/hashes@npm:1.3.1"
  checksum: 7fdefc0f7a0c1ec27acc6ff88841793e3f93ec4ce6b8a6a12bfc0dd70ae6b7c4c82fe305fdfeda1735d5ad4a9eebe761e6693b3d355689c559e91242f4bc95b1
  languageName: node
  linkType: hard

"@noble/hashes@npm:~1.3.2":
  version: 1.3.3
  resolution: "@noble/hashes@npm:1.3.3"
  checksum: 8a6496d1c0c64797339bc694ad06cdfaa0f9e56cd0c3f68ae3666cfb153a791a55deb0af9c653c7ed2db64d537aa3e3054629740d2f2338bb1dcb7ab60cd205b
  languageName: node
  linkType: hard

"@scure/base@npm:~1.1.0":
  version: 1.1.1
  resolution: "@scure/base@npm:1.1.1"
  checksum: b4fc810b492693e7e8d0107313ac74c3646970c198bbe26d7332820886fa4f09441991023ec9aa3a2a51246b74409ab5ebae2e8ef148bbc253da79ac49130309
  languageName: node
  linkType: hard

"@scure/base@npm:~1.1.2":
  version: 1.1.5
  resolution: "@scure/base@npm:1.1.5"
  checksum: 9e9ee6088cb3aa0fb91f5a48497d26682c7829df3019b1251d088d166d7a8c0f941c68aaa8e7b96bbad20c71eb210397cb1099062cde3e29d4bad6b975c18519
  languageName: node
  linkType: hard

"@scure/bip32@npm:1.3.2":
  version: 1.3.2
  resolution: "@scure/bip32@npm:1.3.2"
  dependencies:
    "@noble/curves": ~1.2.0
    "@noble/hashes": ~1.3.2
    "@scure/base": ~1.1.2
  checksum: c5ae84fae43490853693b481531132b89e056d45c945fc8b92b9d032577f753dfd79c5a7bbcbf0a7f035951006ff0311b6cf7a389e26c9ec6335e42b20c53157
  languageName: node
  linkType: hard

"@scure/bip39@npm:1.2.1":
  version: 1.2.1
  resolution: "@scure/bip39@npm:1.2.1"
  dependencies:
    "@noble/hashes": ~1.3.0
    "@scure/base": ~1.1.0
  checksum: c5bd6f1328fdbeae2dcdd891825b1610225310e5e62a4942714db51066866e4f7bef242c7b06a1b9dcc8043a4a13412cf5c5df76d3b10aa9e36b82e9b6e3eeaa
  languageName: node
  linkType: hard

"abitype@npm:0.10.0":
  version: 0.10.0
  resolution: "abitype@npm:0.10.0"
  peerDependencies:
    typescript: ">=5.0.4"
    zod: ^3 >=3.22.0
  peerDependenciesMeta:
    typescript:
      optional: true
    zod:
      optional: true
  checksum: 01a75393740036121414024aa7ed61e6a2104bfd90c91b6aa1a7778cf1edfa15b828779acbbb13ac641939d1ba9c836d143d9f7310699cd7496273bb24c599b3
  languageName: node
  linkType: hard

"isows@npm:1.0.3":
  version: 1.0.3
  resolution: "isows@npm:1.0.3"
  peerDependencies:
    ws: "*"
  checksum: 9cacd5cf59f67deb51e825580cd445ab1725ecb05a67c704050383fb772856f3cd5e7da8ad08f5a3bd2823680d77d099459d0c6a7037972a74d6429af61af440
  languageName: node
  linkType: hard

"relay@workspace:.":
  version: 0.0.0-use.local
  resolution: "relay@workspace:."
  dependencies:
    viem: ^2.0.0
  languageName: unknown
  linkType: soft

"viem@npm:^2.0.0":
  version: 2.0.0
  resolution: "viem@npm:2.0.0"
  dependencies:
    "@adraffy/ens-normalize": 1.10.0
    "@noble/curves": 1.2.0
    "@noble/hashes": 1.3.2
    "@scure/bip32": 1.3.2
    "@scure/bip39": 1.2.1
    abitype: 0.10.0
    isows: 1.0.3
    ws: 8.13.0
  peerDependencies:
    typescript: ">=5.0.4"
  peerDependenciesMeta:
    typescript:
      optional: true
  checksum: c1610d1a78490872f279351aeef54834211c57ca51fb4a2834e1b48bb0f0c1bcfbb5e02e91a66341eb6c316458a2b6556b7da24d22ab0db7e1eb0f5d01d2946a
  languageName: node
  linkType: hard

"ws@npm:8.13.0":
  version: 8.13.0
  resolution: "ws@npm:8.13.0"
  peerDependencies:
    bufferutil: ^4.0.1
    utf-8-validate: ">=5.0.2"
  peerDependenciesMeta:
    bufferutil:
      optional: true
    utf-8-validate:
      optional: true
  checksum: 53e991bbf928faf5dc6efac9b8eb9ab6497c69feeb94f963d648b7a3530a720b19ec2e0ec037344257e05a4f35bd9ad04d9de6f289615ffb133282031b18c61c
  languageName: node
  linkType: hard
