# This file is generated by running "yarn install" inside your project.
# Manual changes might be lost - proceed with caution!

__metadata:
  version: 6
  cacheKey: 8

"@adraffy/ens-normalize@npm:1.9.0":
  version: 1.9.0
  resolution: "@adraffy/ens-normalize@npm:1.9.0"
  checksum: a8d47f85db7a0bba01227fae8781a3245a4517875503d6848a47ca29e7f7da271742a2f93b55afc1b9201e74eda1fd1f1e6e79e70f967359fd7f6ec3d45bf243
  languageName: node
  linkType: hard

"@noble/curves@npm:1.0.0, @noble/curves@npm:~1.0.0":
  version: 1.0.0
  resolution: "@noble/curves@npm:1.0.0"
  dependencies:
    "@noble/hashes": 1.3.0
  checksum: 6bcef44d626c640dc8961819d68dd67dffb907e3b973b7c27efe0ecdd9a5c6ce62c7b9e3dfc930c66605dced7f1ec0514d191c09a2ce98d6d52b66e3315ffa79
  languageName: node
  linkType: hard

"@noble/hashes@npm:1.3.0":
  version: 1.3.0
  resolution: "@noble/hashes@npm:1.3.0"
  checksum: d7ddb6d7c60f1ce1f87facbbef5b724cdea536fc9e7f59ae96e0fc9de96c8f1a2ae2bdedbce10f7dcc621338dfef8533daa73c873f2b5c87fa1a4e05a95c2e2e
  languageName: node
  linkType: hard

"@noble/hashes@npm:~1.3.0":
  version: 1.3.1
  resolution: "@noble/hashes@npm:1.3.1"
  checksum: 7fdefc0f7a0c1ec27acc6ff88841793e3f93ec4ce6b8a6a12bfc0dd70ae6b7c4c82fe305fdfeda1735d5ad4a9eebe761e6693b3d355689c559e91242f4bc95b1
  languageName: node
  linkType: hard

"@scure/base@npm:~1.1.0":
  version: 1.1.1
  resolution: "@scure/base@npm:1.1.1"
  checksum: b4fc810b492693e7e8d0107313ac74c3646970c198bbe26d7332820886fa4f09441991023ec9aa3a2a51246b74409ab5ebae2e8ef148bbc253da79ac49130309
  languageName: node
  linkType: hard

"@scure/bip32@npm:1.3.0":
  version: 1.3.0
  resolution: "@scure/bip32@npm:1.3.0"
  dependencies:
    "@noble/curves": ~1.0.0
    "@noble/hashes": ~1.3.0
    "@scure/base": ~1.1.0
  checksum: 6eae997f9bdf41fe848134898960ac48e645fa10e63d579be965ca331afd0b7c1b8ebac170770d237ab4099dafc35e5a82995384510025ccf2abe669f85e8918
  languageName: node
  linkType: hard

"@scure/bip39@npm:1.2.0":
  version: 1.2.0
  resolution: "@scure/bip39@npm:1.2.0"
  dependencies:
    "@noble/hashes": ~1.3.0
    "@scure/base": ~1.1.0
  checksum: 980d761f53e63de04a9e4db840eb13bfb1bd1b664ecb04a71824c12c190f4972fd84146f3ed89b2a8e4c6bd2c17c15f8b592b7ac029e903323b0f9e2dae6916b
  languageName: node
  linkType: hard

"@wagmi/chains@npm:1.1.0":
  version: 1.1.0
  resolution: "@wagmi/chains@npm:1.1.0"
  peerDependencies:
    typescript: ">=5.0.4"
  peerDependenciesMeta:
    typescript:
      optional: true
  checksum: 3359df95f61120450dbe526f29860c60a9dc795dcfa5e6b2133b0b7662708f0d3998e99fae7f8337e3a92d97fcfa0e9900d88721d820dd3a8bf43832cedd8a64
  languageName: node
  linkType: hard

"abitype@npm:0.8.7":
  version: 0.8.7
  resolution: "abitype@npm:0.8.7"
  peerDependencies:
    typescript: ">=5.0.4"
    zod: ^3 >=3.19.1
  peerDependenciesMeta:
    zod:
      optional: true
  checksum: 4351466808969bcc73e5c535c3d96bb687ee2be0bccd48eba024c47e6cc248f0c8bd368f9e42dab35d39923e63b1349ade470f72812de27127968caf1a1426c9
  languageName: node
  linkType: hard

"isomorphic-ws@npm:5.0.0":
  version: 5.0.0
  resolution: "isomorphic-ws@npm:5.0.0"
  peerDependencies:
    ws: "*"
  checksum: e20eb2aee09ba96247465fda40c6d22c1153394c0144fa34fe6609f341af4c8c564f60ea3ba762335a7a9c306809349f9b863c8beedf2beea09b299834ad5398
  languageName: node
  linkType: hard

"relay@workspace:.":
  version: 0.0.0-use.local
  resolution: "relay@workspace:."
  dependencies:
    viem: ^1.0.0
  languageName: unknown
  linkType: soft

"viem@npm:^1.0.0":
  version: 1.0.0
  resolution: "viem@npm:1.0.0"
  dependencies:
    "@adraffy/ens-normalize": 1.9.0
    "@noble/curves": 1.0.0
    "@noble/hashes": 1.3.0
    "@scure/bip32": 1.3.0
    "@scure/bip39": 1.2.0
    "@wagmi/chains": 1.1.0
    abitype: 0.8.7
    isomorphic-ws: 5.0.0
    ws: 8.12.0
  checksum: 4ecc438a66ea3b1c90f03fed74f00d5392149c1057b619eae306dd4e7188d5ac0542a1006839d12dcce2c89e55e19c288247203619d9cf0d5a3a1d03135d327e
  languageName: node
  linkType: hard

"ws@npm:8.12.0":
  version: 8.12.0
  resolution: "ws@npm:8.12.0"
  peerDependencies:
    bufferutil: ^4.0.1
    utf-8-validate: ">=5.0.2"
  peerDependenciesMeta:
    bufferutil:
      optional: true
    utf-8-validate:
      optional: true
  checksum: 818ff3f8749c172a95a114cceb8b89cedd27e43a82d65c7ad0f7882b1e96a2ee6709e3746a903c3fa88beec0c8bae9a9fcd75f20858b32a166dfb7519316a5d7
  languageName: node
  linkType: hard
